
Microsoft Visual Studio Solution File, Format Version 11.00
# Visual Studio 2010
Project("{2150E333-8FDC-42A3-9474-1A3956D46DE8}") = "AdView Libraries", "AdView Libraries", "{E1D9A7FD-5AF1-4FDF-9603-9BC072DCC509}"
EndProject
Project("{2150E333-8FDC-42A3-9474-1A3956D46DE8}") = "Sample Applications", "Sample Applications", "{3A99B8D1-9192-49D0-979A-3EC54C115A01}"
EndProject
Project("{FAE04EC0-301F-11D3-BF4B-00C04F79EFBC}") = "MojivaPhone", "MojivaPhone\MojivaPhone.csproj", "{5F3521B3-B147-4965-842C-7C5652E2E5A8}"
EndProject
Project("{FAE04EC0-301F-11D3-BF4B-00C04F79EFBC}") = "MojivaPhoneThirdParty", "MojivaPhoneThirdParty\MojivaPhoneThirdParty.csproj", "{5D7A3828-1EF5-4D2D-8B1A-6F0DAC19D0F5}"
EndProject
Project("{FAE04EC0-301F-11D3-BF4B-00C04F79EFBC}") = "MojivaPhoneSample", "MojivaPhoneSample\MojivaPhoneSample.csproj", "{74CB6E31-5676-4C48-82AA-3F1BFBEA3286}"
EndProject
Project("{FAE04EC0-301F-11D3-BF4B-00C04F79EFBC}") = "MojivaPhoneThirdPartySample", "MojivaPhoneThirdPartySample\MojivaPhoneThirdPartySample.csproj", "{212A8631-9027-469F-A796-A98F6ABA7748}"
EndProject
Global
	GlobalSection(SolutionConfigurationPlatforms) = preSolution
		Debug|Any CPU = Debug|Any CPU
		Release|Any CPU = Release|Any CPU
	EndGlobalSection
	GlobalSection(ProjectConfigurationPlatforms) = postSolution
		{5F3521B3-B147-4965-842C-7C5652E2E5A8}.Debug|Any CPU.ActiveCfg = Debug|Any CPU
		{5F3521B3-B147-4965-842C-7C5652E2E5A8}.Debug|Any CPU.Build.0 = Debug|Any CPU
		{5F3521B3-B147-4965-842C-7C5652E2E5A8}.Release|Any CPU.ActiveCfg = Release|Any CPU
		{5F3521B3-B147-4965-842C-7C5652E2E5A8}.Release|Any CPU.Build.0 = Release|Any CPU
		{5D7A3828-1EF5-4D2D-8B1A-6F0DAC19D0F5}.Debug|Any CPU.ActiveCfg = Debug|Any CPU
		{5D7A3828-1EF5-4D2D-8B1A-6F0DAC19D0F5}.Debug|Any CPU.Build.0 = Debug|Any CPU
		{5D7A3828-1EF5-4D2D-8B1A-6F0DAC19D0F5}.Release|Any CPU.ActiveCfg = Release|Any CPU
		{5D7A3828-1EF5-4D2D-8B1A-6F0DAC19D0F5}.Release|Any CPU.Build.0 = Release|Any CPU
		{74CB6E31-5676-4C48-82AA-3F1BFBEA3286}.Debug|Any CPU.ActiveCfg = Debug|Any CPU
		{74CB6E31-5676-4C48-82AA-3F1BFBEA3286}.Debug|Any CPU.Build.0 = Debug|Any CPU
		{74CB6E31-5676-4C48-82AA-3F1BFBEA3286}.Debug|Any CPU.Deploy.0 = Debug|Any CPU
		{74CB6E31-5676-4C48-82AA-3F1BFBEA3286}.Release|Any CPU.ActiveCfg = Release|Any CPU
		{74CB6E31-5676-4C48-82AA-3F1BFBEA3286}.Release|Any CPU.Build.0 = Release|Any CPU
		{74CB6E31-5676-4C48-82AA-3F1BFBEA3286}.Release|Any CPU.Deploy.0 = Release|Any CPU
		{212A8631-9027-469F-A796-A98F6ABA7748}.Debug|Any CPU.ActiveCfg = Debug|Any CPU
		{212A8631-9027-469F-A796-A98F6ABA7748}.Debug|Any CPU.Build.0 = Debug|Any CPU
		{212A8631-9027-469F-A796-A98F6ABA7748}.Debug|Any CPU.Deploy.0 = Debug|Any CPU
		{212A8631-9027-469F-A796-A98F6ABA7748}.Release|Any CPU.ActiveCfg = Release|Any CPU
		{212A8631-9027-469F-A796-A98F6ABA7748}.Release|Any CPU.Build.0 = Release|Any CPU
		{212A8631-9027-469F-A796-A98F6ABA7748}.Release|Any CPU.Deploy.0 = Release|Any CPU
	EndGlobalSection
	GlobalSection(SolutionProperties) = preSolution
		HideSolutionNode = FALSE
	EndGlobalSection
	GlobalSection(NestedProjects) = preSolution
		{5F3521B3-B147-4965-842C-7C5652E2E5A8} = {E1D9A7FD-5AF1-4FDF-9603-9BC072DCC509}
		{5D7A3828-1EF5-4D2D-8B1A-6F0DAC19D0F5} = {E1D9A7FD-5AF1-4FDF-9603-9BC072DCC509}
		{74CB6E31-5676-4C48-82AA-3F1BFBEA3286} = {3A99B8D1-9192-49D0-979A-3EC54C115A01}
		{212A8631-9027-469F-A796-A98F6ABA7748} = {3A99B8D1-9192-49D0-979A-3EC54C115A01}
	EndGlobalSection
EndGlobal
